
Microsoft Visual Studio Solution File, Format Version 12.00
# Visual Studio 2013
VisualStudioVersion = 12.0.30110.0
MinimumVisualStudioVersion = 10.0.40219.1
Project("{FAE04EC0-301F-11D3-BF4B-00C04F79EFBC}") = "HeapManager.ConApp", "HeapManager.ConApp\HeapManager.ConApp.csproj", "{BAFB88F5-67E0-4FD6-A6B1-6B4547EDDF96}"
EndProject
Project("{FAE04EC0-301F-11D3-BF4B-00C04F79EFBC}") = "HeapManager.Logic", "HeapManager.Logic\HeapManager.Logic.csproj", "{0C840266-81D9-422E-A577-43407E1BAF0F}"
EndProject
Project("{FAE04EC0-301F-11D3-BF4B-00C04F79EFBC}") = "HeapManager.UnitTest", "HeapManager.UnitTest\HeapManager.UnitTest.csproj", "{75D62ECD-AD31-4881-98A2-80F673F42592}"
EndProject
Global
	GlobalSection(SolutionConfigurationPlatforms) = preSolution
		Debug|Any CPU = Debug|Any CPU
		Release|Any CPU = Release|Any CPU
	EndGlobalSection
	GlobalSection(ProjectConfigurationPlatforms) = postSolution
		{BAFB88F5-67E0-4FD6-A6B1-6B4547EDDF96}.Debug|Any CPU.ActiveCfg = Debug|Any CPU
		{BAFB88F5-67E0-4FD6-A6B1-6B4547EDDF96}.Debug|Any CPU.Build.0 = Debug|Any CPU
		{BAFB88F5-67E0-4FD6-A6B1-6B4547EDDF96}.Release|Any CPU.ActiveCfg = Release|Any CPU
		{BAFB88F5-67E0-4FD6-A6B1-6B4547EDDF96}.Release|Any CPU.Build.0 = Release|Any CPU
		{0C840266-81D9-422E-A577-43407E1BAF0F}.Debug|Any CPU.ActiveCfg = Debug|Any CPU
		{0C840266-81D9-422E-A577-43407E1BAF0F}.Debug|Any CPU.Build.0 = Debug|Any CPU
		{0C840266-81D9-422E-A577-43407E1BAF0F}.Release|Any CPU.ActiveCfg = Release|Any CPU
		{0C840266-81D9-422E-A577-43407E1BAF0F}.Release|Any CPU.Build.0 = Release|Any CPU
		{75D62ECD-AD31-4881-98A2-80F673F42592}.Debug|Any CPU.ActiveCfg = Debug|Any CPU
		{75D62ECD-AD31-4881-98A2-80F673F42592}.Debug|Any CPU.Build.0 = Debug|Any CPU
		{75D62ECD-AD31-4881-98A2-80F673F42592}.Release|Any CPU.ActiveCfg = Release|Any CPU
		{75D62ECD-AD31-4881-98A2-80F673F42592}.Release|Any CPU.Build.0 = Release|Any CPU
	EndGlobalSection
	GlobalSection(SolutionProperties) = preSolution
		HideSolutionNode = FALSE
	EndGlobalSection
EndGlobal
